
Microsoft Visual Studio Solution File, Format Version 12.00
Project("{2150E333-8FDC-42A3-9474-1A3956D46DE8}") = "src", "src", "{392590F2-70F4-43E8-852B-1CBFDF2E59AC}"
EndProject
Project("{FAE04EC0-301F-11D3-BF4B-00C04F79EFBC}") = "OptionalValues", "src\OptionalValues\OptionalValues.csproj", "{E1597F1E-C937-4BD0-9CEE-B6140C72794B}"
EndProject
Project("{FAE04EC0-301F-11D3-BF4B-00C04F79EFBC}") = "OptionalValues.FluentValidation", "src\OptionalValues.FluentValidation\OptionalValues.FluentValidation.csproj", "{546AF02C-0BF0-4906-8B4E-1412B73E9057}"
EndProject
Project("{2150E333-8FDC-42A3-9474-1A3956D46DE8}") = ".root", ".root", "{17142E21-9BC9-4EEF-BFAB-65EE71195BF6}"
	ProjectSection(SolutionItems) = preProject
		.gitignore = .gitignore
		global.json = global.json
		LICENSE = LICENSE
		README.md = README.md
		Directory.Packages.props = Directory.Packages.props
		.editorconfig = .editorconfig
		Directory.Build.props = Directory.Build.props
		version.json = version.json
	EndProjectSection
EndProject
Project("{2150E333-8FDC-42A3-9474-1A3956D46DE8}") = "test", "test", "{8C8324D6-BC6A-456B-8A07-B95B641261D0}"
EndProject
Project("{FAE04EC0-301F-11D3-BF4B-00C04F79EFBC}") = "OptionalValues.FluentValidation.Tests", "test\OptionalValues.FluentValidation.Tests\OptionalValues.FluentValidation.Tests.csproj", "{1DA2FF65-6A7A-4492-95C8-9A999A977E12}"
EndProject
Project("{FAE04EC0-301F-11D3-BF4B-00C04F79EFBC}") = "OptionalValues.Tests", "test\OptionalValues.Tests\OptionalValues.Tests.csproj", "{91DB844C-258B-473C-B3D8-BBF516AF7C1B}"
EndProject
Project("{2150E333-8FDC-42A3-9474-1A3956D46DE8}") = "examples", "examples", "{21EEF407-68F2-4918-B72A-ADAA541DF5BD}"
EndProject
Project("{FAE04EC0-301F-11D3-BF4B-00C04F79EFBC}") = "OptionalValues.Examples.Swashbuckle", "examples\OptionalValues.Examples.Swashbuckle\OptionalValues.Examples.Swashbuckle.csproj", "{164B5400-6DD1-4386-85D4-6ECB440648F5}"
EndProject
Project("{FAE04EC0-301F-11D3-BF4B-00C04F79EFBC}") = "OptionalValues.Swashbuckle", "src\OptionalValues.Swashbuckle\OptionalValues.Swashbuckle.csproj", "{F5DF57C1-A9B4-416B-93BB-7679C4E89D6A}"
EndProject
Project("{FAE04EC0-301F-11D3-BF4B-00C04F79EFBC}") = "OptionalValues.Swashbuckle.Tests", "test\OptionalValues.Swashbuckle.Tests\OptionalValues.Swashbuckle.Tests.csproj", "{D0BCAB11-7E91-43CF-A216-DAE10CD879E9}"
EndProject
Project("{FAE04EC0-301F-11D3-BF4B-00C04F79EFBC}") = "OptionalValues.Benchmarks", "test\OptionalValues.Benchmarks\OptionalValues.Benchmarks.csproj", "{2ACF2218-8CE3-4B8C-8813-1DCAA6C15E49}"
EndProject
Project("{FAE04EC0-301F-11D3-BF4B-00C04F79EFBC}") = "OptionalValues.DataAnnotations", "src\OptionalValues.DataAnnotations\OptionalValues.DataAnnotations.csproj", "{CADB92C4-AF07-411E-83D5-4AD8CDFCDEAE}"
EndProject
Project("{FAE04EC0-301F-11D3-BF4B-00C04F79EFBC}") = "OptionalValues.DataAnnotations.Tests", "test\OptionalValues.DataAnnotations.Tests\OptionalValues.DataAnnotations.Tests.csproj", "{0F669715-752B-40AF-99E1-EDB082D3E645}"
EndProject
Project("{FAE04EC0-301F-11D3-BF4B-00C04F79EFBC}") = "OptionalValues.Examples.OpenApi", "examples\OptionalValues.Examples.OpenApi\OptionalValues.Examples.OpenApi.csproj", "{0CE151A6-7158-4F85-B2E4-A7B974C904F7}"
EndProject
Project("{FAE04EC0-301F-11D3-BF4B-00C04F79EFBC}") = "OptionalValues.OpenApi", "src\OptionalValues.OpenApi\OptionalValues.OpenApi.csproj", "{FDFC90BB-5C89-46BC-A0B4-9164B2386CE6}"
EndProject
Project("{FAE04EC0-301F-11D3-BF4B-00C04F79EFBC}") = "OptionalValues.OpenApi.Tests", "test\OptionalValues.OpenApi.Tests\OptionalValues.OpenApi.Tests.csproj", "{617F650C-6C1B-4C40-810E-83E80977BCA5}"
EndProject
Global
	GlobalSection(SolutionConfigurationPlatforms) = preSolution
		Debug|Any CPU = Debug|Any CPU
		Release|Any CPU = Release|Any CPU
	EndGlobalSection
	GlobalSection(ProjectConfigurationPlatforms) = postSolution
		{E1597F1E-C937-4BD0-9CEE-B6140C72794B}.Debug|Any CPU.ActiveCfg = Debug|Any CPU
		{E1597F1E-C937-4BD0-9CEE-B6140C72794B}.Debug|Any CPU.Build.0 = Debug|Any CPU
		{E1597F1E-C937-4BD0-9CEE-B6140C72794B}.Release|Any CPU.ActiveCfg = Release|Any CPU
		{E1597F1E-C937-4BD0-9CEE-B6140C72794B}.Release|Any CPU.Build.0 = Release|Any CPU
		{546AF02C-0BF0-4906-8B4E-1412B73E9057}.Debug|Any CPU.ActiveCfg = Debug|Any CPU
		{546AF02C-0BF0-4906-8B4E-1412B73E9057}.Debug|Any CPU.Build.0 = Debug|Any CPU
		{546AF02C-0BF0-4906-8B4E-1412B73E9057}.Release|Any CPU.ActiveCfg = Release|Any CPU
		{546AF02C-0BF0-4906-8B4E-1412B73E9057}.Release|Any CPU.Build.0 = Release|Any CPU
		{1DA2FF65-6A7A-4492-95C8-9A999A977E12}.Debug|Any CPU.ActiveCfg = Debug|Any CPU
		{1DA2FF65-6A7A-4492-95C8-9A999A977E12}.Debug|Any CPU.Build.0 = Debug|Any CPU
		{1DA2FF65-6A7A-4492-95C8-9A999A977E12}.Release|Any CPU.ActiveCfg = Release|Any CPU
		{1DA2FF65-6A7A-4492-95C8-9A999A977E12}.Release|Any CPU.Build.0 = Release|Any CPU
		{91DB844C-258B-473C-B3D8-BBF516AF7C1B}.Debug|Any CPU.ActiveCfg = Debug|Any CPU
		{91DB844C-258B-473C-B3D8-BBF516AF7C1B}.Debug|Any CPU.Build.0 = Debug|Any CPU
		{91DB844C-258B-473C-B3D8-BBF516AF7C1B}.Release|Any CPU.ActiveCfg = Release|Any CPU
		{91DB844C-258B-473C-B3D8-BBF516AF7C1B}.Release|Any CPU.Build.0 = Release|Any CPU
		{164B5400-6DD1-4386-85D4-6ECB440648F5}.Debug|Any CPU.ActiveCfg = Debug|Any CPU
		{164B5400-6DD1-4386-85D4-6ECB440648F5}.Debug|Any CPU.Build.0 = Debug|Any CPU
		{164B5400-6DD1-4386-85D4-6ECB440648F5}.Release|Any CPU.ActiveCfg = Release|Any CPU
		{164B5400-6DD1-4386-85D4-6ECB440648F5}.Release|Any CPU.Build.0 = Release|Any CPU
		{F5DF57C1-A9B4-416B-93BB-7679C4E89D6A}.Debug|Any CPU.ActiveCfg = Debug|Any CPU
		{F5DF57C1-A9B4-416B-93BB-7679C4E89D6A}.Debug|Any CPU.Build.0 = Debug|Any CPU
		{F5DF57C1-A9B4-416B-93BB-7679C4E89D6A}.Release|Any CPU.ActiveCfg = Release|Any CPU
		{F5DF57C1-A9B4-416B-93BB-7679C4E89D6A}.Release|Any CPU.Build.0 = Release|Any CPU
		{D0BCAB11-7E91-43CF-A216-DAE10CD879E9}.Debug|Any CPU.ActiveCfg = Debug|Any CPU
		{D0BCAB11-7E91-43CF-A216-DAE10CD879E9}.Debug|Any CPU.Build.0 = Debug|Any CPU
		{D0BCAB11-7E91-43CF-A216-DAE10CD879E9}.Release|Any CPU.ActiveCfg = Release|Any CPU
		{D0BCAB11-7E91-43CF-A216-DAE10CD879E9}.Release|Any CPU.Build.0 = Release|Any CPU
		{2ACF2218-8CE3-4B8C-8813-1DCAA6C15E49}.Debug|Any CPU.ActiveCfg = Debug|Any CPU
		{2ACF2218-8CE3-4B8C-8813-1DCAA6C15E49}.Debug|Any CPU.Build.0 = Debug|Any CPU
		{2ACF2218-8CE3-4B8C-8813-1DCAA6C15E49}.Release|Any CPU.ActiveCfg = Release|Any CPU
		{2ACF2218-8CE3-4B8C-8813-1DCAA6C15E49}.Release|Any CPU.Build.0 = Release|Any CPU
		{CADB92C4-AF07-411E-83D5-4AD8CDFCDEAE}.Debug|Any CPU.ActiveCfg = Debug|Any CPU
		{CADB92C4-AF07-411E-83D5-4AD8CDFCDEAE}.Debug|Any CPU.Build.0 = Debug|Any CPU
		{CADB92C4-AF07-411E-83D5-4AD8CDFCDEAE}.Release|Any CPU.ActiveCfg = Release|Any CPU
		{CADB92C4-AF07-411E-83D5-4AD8CDFCDEAE}.Release|Any CPU.Build.0 = Release|Any CPU
		{0F669715-752B-40AF-99E1-EDB082D3E645}.Debug|Any CPU.ActiveCfg = Debug|Any CPU
		{0F669715-752B-40AF-99E1-EDB082D3E645}.Debug|Any CPU.Build.0 = Debug|Any CPU
		{0F669715-752B-40AF-99E1-EDB082D3E645}.Release|Any CPU.ActiveCfg = Release|Any CPU
		{0F669715-752B-40AF-99E1-EDB082D3E645}.Release|Any CPU.Build.0 = Release|Any CPU
		{0CE151A6-7158-4F85-B2E4-A7B974C904F7}.Debug|Any CPU.ActiveCfg = Debug|Any CPU
								{0CE151A6-7158-4F85-B2E4-A7B974C904F7}.Debug|Any CPU.Build.0 = Debug|Any CPU
								{0CE151A6-7158-4F85-B2E4-A7B974C904F7}.Release|Any CPU.ActiveCfg = Release|Any CPU
								{0CE151A6-7158-4F85-B2E4-A7B974C904F7}.Release|Any CPU.Build.0 = Release|Any CPU
		{FDFC90BB-5C89-46BC-A0B4-9164B2386CE6}.Debug|Any CPU.ActiveCfg = Debug|Any CPU
		{FDFC90BB-5C89-46BC-A0B4-9164B2386CE6}.Debug|Any CPU.Build.0 = Debug|Any CPU
		{FDFC90BB-5C89-46BC-A0B4-9164B2386CE6}.Release|Any CPU.ActiveCfg = Release|Any CPU
		{FDFC90BB-5C89-46BC-A0B4-9164B2386CE6}.Release|Any CPU.Build.0 = Release|Any CPU
		{617F650C-6C1B-4C40-810E-83E80977BCA5}.Debug|Any CPU.ActiveCfg = Debug|Any CPU
		{617F650C-6C1B-4C40-810E-83E80977BCA5}.Debug|Any CPU.Build.0 = Debug|Any CPU
		{617F650C-6C1B-4C40-810E-83E80977BCA5}.Release|Any CPU.ActiveCfg = Release|Any CPU
		{617F650C-6C1B-4C40-810E-83E80977BCA5}.Release|Any CPU.Build.0 = Release|Any CPU
	EndGlobalSection
	GlobalSection(NestedProjects) = preSolution
		{E1597F1E-C937-4BD0-9CEE-B6140C72794B} = {392590F2-70F4-43E8-852B-1CBFDF2E59AC}
		{546AF02C-0BF0-4906-8B4E-1412B73E9057} = {392590F2-70F4-43E8-852B-1CBFDF2E59AC}
		{1DA2FF65-6A7A-4492-95C8-9A999A977E12} = {8C8324D6-BC6A-456B-8A07-B95B641261D0}
		{91DB844C-258B-473C-B3D8-BBF516AF7C1B} = {8C8324D6-BC6A-456B-8A07-B95B641261D0}
		{164B5400-6DD1-4386-85D4-6ECB440648F5} = {21EEF407-68F2-4918-B72A-ADAA541DF5BD}
		{F5DF57C1-A9B4-416B-93BB-7679C4E89D6A} = {392590F2-70F4-43E8-852B-1CBFDF2E59AC}
		{D0BCAB11-7E91-43CF-A216-DAE10CD879E9} = {8C8324D6-BC6A-456B-8A07-B95B641261D0}
		{2ACF2218-8CE3-4B8C-8813-1DCAA6C15E49} = {8C8324D6-BC6A-456B-8A07-B95B641261D0}
		{CADB92C4-AF07-411E-83D5-4AD8CDFCDEAE} = {392590F2-70F4-43E8-852B-1CBFDF2E59AC}
		{0F669715-752B-40AF-99E1-EDB082D3E645} = {8C8324D6-BC6A-456B-8A07-B95B641261D0}
		{0CE151A6-7158-4F85-B2E4-A7B974C904F7} = {21EEF407-68F2-4918-B72A-ADAA541DF5BD}
		{FDFC90BB-5C89-46BC-A0B4-9164B2386CE6} = {392590F2-70F4-43E8-852B-1CBFDF2E59AC}
		{617F650C-6C1B-4C40-810E-83E80977BCA5} = {8C8324D6-BC6A-456B-8A07-B95B641261D0}
	EndGlobalSection
EndGlobal
